
Microsoft Visual Studio Solution File, Format Version 12.00
# Visual Studio Version 17
VisualStudioVersion = 17.5.002.0
MinimumVisualStudioVersion = 10.0.40219.1
Project("{9A19103F-16F7-4668-BE54-9A1E7A4F7556}") = "Commander", "Commander.csproj", "{A09B9557-359E-419E-8878-054217962205}"
EndProject
Global
	GlobalSection(SolutionConfigurationPlatforms) = preSolution
		Debug|Any CPU = Debug|Any CPU
		Release|Any CPU = Release|Any CPU
	EndGlobalSection
	GlobalSection(ProjectConfigurationPlatforms) = postSolution
		{A09B9557-359E-419E-8878-054217962205}.Debug|Any CPU.ActiveCfg = Debug|Any CPU
		{A09B9557-359E-419E-8878-054217962205}.Debug|Any CPU.Build.0 = Debug|Any CPU
		{A09B9557-359E-419E-8878-054217962205}.Release|Any CPU.ActiveCfg = Release|Any CPU
		{A09B9557-359E-419E-8878-054217962205}.Release|Any CPU.Build.0 = Release|Any CPU
	EndGlobalSection
	GlobalSection(SolutionProperties) = preSolution
		HideSolutionNode = FALSE
	EndGlobalSection
	GlobalSection(ExtensibilityGlobals) = postSolution
		SolutionGuid = {152FE7AD-4B6E-43FF-A4B2-34C372A5A010}
	EndGlobalSection
EndGlobal
